
Microsoft Visual Studio Solution File, Format Version 12.00
# Visual Studio Version 17
VisualStudioVersion = 17.10.35013.160
MinimumVisualStudioVersion = 10.0.40219.1
Project("{9A19103F-16F7-4668-BE54-9A1E7A4F7556}") = "CompApp", "CompApp.csproj", "{19CF5611-A96E-4EEE-A738-503F61CC72AA}"
EndProject
Global
	GlobalSection(SolutionConfigurationPlatforms) = preSolution
		Debug|Any CPU = Debug|Any CPU
		Release|Any CPU = Release|Any CPU
	EndGlobalSection
	GlobalSection(ProjectConfigurationPlatforms) = postSolution
		{19CF5611-A96E-4EEE-A738-503F61CC72AA}.Debug|Any CPU.ActiveCfg = Debug|Any CPU
		{19CF5611-A96E-4EEE-A738-503F61CC72AA}.Debug|Any CPU.Build.0 = Debug|Any CPU
		{19CF5611-A96E-4EEE-A738-503F61CC72AA}.Release|Any CPU.ActiveCfg = Release|Any CPU
		{19CF5611-A96E-4EEE-A738-503F61CC72AA}.Release|Any CPU.Build.0 = Release|Any CPU
	EndGlobalSection
	GlobalSection(SolutionProperties) = preSolution
		HideSolutionNode = FALSE
	EndGlobalSection
	GlobalSection(ExtensibilityGlobals) = postSolution
		SolutionGuid = {5C5C0D50-6F6D-4E7E-8A0D-F7D93344A542}
	EndGlobalSection
EndGlobal
